{
    "_readme": [
        "This file locks the dependencies of your project to a known state",
        "Read more about it at https://getcomposer.org/doc/01-basic-usage.md#composer-lock-the-lock-file",
        "This file is @generated automatically"
    ],
    "content-hash": "b5d441537d90dd3fcbbca7ec8acb2984",
    "packages": [
        {
            "name": "CiviMRF/CMRF_Abstract_Core",
            "version": "0.1",
            "source": {
                "type": "git",
                "url": "https://github.com/CiviMRF/CMRF_Abstract_Core.git",
                "reference": "master"
            },
            "type": "library",
            "autoload": {
                "psr-0": {
                    "CMRF": ""
                }
            }
        }
    ],
    "packages-dev": [],
    "aliases": [],
    "minimum-stability": "stable",
    "stability-flags": [],
    "prefer-stable": false,
    "prefer-lowest": false,
    "platform": [],
    "platform-dev": []
}
