{
    "_readme": [
        "This file locks the dependencies of your project to a known state",
        "Read more about it at https://getcomposer.org/doc/01-basic-usage.md#installing-dependencies",
        "This file is @generated automatically"
    ],
    "content-hash": "7f0554e731309820515556c1845db43a",
    "packages": [
        {
            "name": "CiviMRF/CMRF_Abstract_Core",
            "version": "0.5",
            "source": {
                "type": "git",
                "url": "https://github.com/CiviMRF/CMRF_Abstract_Core.git",
                "reference": "0.5"
            },
            "type": "library",
            "autoload": {
                "psr-0": {
                    "CMRF": ""
                }
            }
        }
    ],
    "packages-dev": [],
    "aliases": [],
    "minimum-stability": "stable",
    "stability-flags": [],
    "prefer-stable": false,
    "prefer-lowest": false,
    "platform": [],
    "platform-dev": [],
    "plugin-api-version": "1.1.0"
}
